version = 1
revision = 3
requires-python = ">=3.10"

[[package]]
name = "3ds-audio-receiver-tools"
version = "0.1.0"
source = { virtual = "." }
dependencies = [
    { name = "sounddevice", marker = "sys_platform == 'win32'" },
]

[package.metadata]
requires-dist = [{ name = "sounddevice", marker = "sys_platform == 'win32'" }]

[[package]]
name = "cffi"
version = "2.1.0"
source = { registry = "https://pypi.org/simple" }
dependencies = [
    { name = "pycparser", marker = "implementation_name != 'PyPy'" },
]
sdist = { url = "https://files.pythonhosted.org/packages/57/5f/ff100cae70ebe9d8df1c01a00e510e45d9adb5c1fdda84791b199141de97/cffi-2.1.0.tar.gz", hash = "sha256:efc1cdd798b1aaf39b4610bba7aad28c9bea9b910f25c784ccf9ec1fa719d1f9", size = 531036, upload-time = "2026-07-06T21:34:30.382Z" }
wheels = [
    { url = "https://files.pythonhosted.org/packages/70/b6/9003c33a3e7d2c1306f5962e646457dcfe5a8cd8fce6bbe02d7af25db783/cffi-2.1.0-cp310-cp310-win32.whl", hash = "sha256:9d72af0cf10a76a600a9690078fe31c63b9588c8e86bf9fd353f713c84b5db0f", size = 174578, upload-time = "2026-07-06T21:32:23.073Z" },
    { url = "https://files.pythonhosted.org/packages/8a/26/710688310447531c7a22f857c7f79d9855ec18b03e04494ced723fb37e2f/cffi-2.1.0-cp310-cp310-win_amd64.whl", hash = "sha256:fb62edb5bb52cca65fab91a63afa7561607120d26090a7e8fda6fb9f064726da", size = 185071, upload-time = "2026-07-06T21:32:24.671Z" },
    { url = "https://files.pythonhosted.org/packages/eb/da/5c4918a2d61d86fa927d716cb3d8e4626ef8dc8f605a599d32f33897f59a/cffi-2.1.0-cp311-cp311-win32.whl", hash = "sha256:64c753a0f87a256020004f37a1c8c02c480e725f910f0b2a0f3f07debd1b2479", size = 174496, upload-time = "2026-07-06T21:32:40.467Z" },
    { url = "https://files.pythonhosted.org/packages/f9/c8/6c2de1d55cf35ef8b92885d5ef280790f0fb9634d87ea1cc315176aecd61/cffi-2.1.0-cp311-cp311-win_amd64.whl", hash = "sha256:4f26194e3d95e06501b942642855aed4f953d55e95d7d01b7c4483db3ecff458", size = 185113, upload-time = "2026-07-06T21:32:41.761Z" },
    { url = "https://files.pythonhosted.org/packages/9e/4e/e8d7cb5783f1841a3c8fb3a7735838d7484d08ec08c9f984b14cac1ac0e9/cffi-2.1.0-cp311-cp311-win_arm64.whl", hash = "sha256:35aaea0c7ee0e58a5cd8c2fd1a48fdf7ece0d2699b7ecdda08194e9ce5dd9b3d", size = 179927, upload-time = "2026-07-06T21:32:42.961Z" },
    { url = "https://files.pythonhosted.org/packages/b0/80/c138990aa2a70b1a269f6e06348729836d733d6f970867943f61d367f8cc/cffi-2.1.0-cp312-cp312-win32.whl", hash = "sha256:9b8f0f26ca4e7513c534d351eca551947d053fac438f2a04ac96d882909b0d3a", size = 175269, upload-time = "2026-07-06T21:32:57.777Z" },
    { url = "https://files.pythonhosted.org/packages/a8/eb/f636456ff21a83fc13c032b58cc5dde061691546ac79efa284b2989b7982/cffi-2.1.0-cp312-cp312-win_amd64.whl", hash = "sha256:c97f080ea627e2863524c5af3836e2270b5f5dfff1f104392b959f8df0c5d384", size = 185881, upload-time = "2026-07-06T21:32:59.253Z" },
    { url = "https://files.pythonhosted.org/packages/dd/2c/400ea43e721727dca8a65c4521390e9196757caba4a45643acb2b63271b8/cffi-2.1.0-cp312-cp312-win_arm64.whl", hash = "sha256:6d194185eabd279f1c05ebe3504265ddfc5ad2b58d0714f7db9f01da592e9eb6", size = 180088, upload-time = "2026-07-06T21:33:02.278Z" },
    { url = "https://files.pythonhosted.org/packages/96/88/a996879e2eeccb815f6e3a5967b12a308257412acec882039d386bd2aa7b/cffi-2.1.0-cp313-cp313-ios_13_0_arm64_iphoneos.whl", hash = "sha256:10537b1df4967ca26d21e5072d7d54188354483b91dc75058968d3f0cf13fbda", size = 194331, upload-time = "2026-07-06T21:33:03.697Z" },
    { url = "https://files.pythonhosted.org/packages/58/85/7ae00d5c8dd6266f4e944c3db630f3c5c9a98b61d469c714d848b1d8138a/cffi-2.1.0-cp313-cp313-ios_13_0_arm64_iphonesimulator.whl", hash = "sha256:a95b05f9baf29b91171b3a8bd2020b028835243e7b0ff6bb23e2a3c228518b1b", size = 196966, upload-time = "2026-07-06T21:33:05.353Z" },
    { url = "https://files.pythonhosted.org/packages/c6/4b/e706f67279140f92939da3475ad610df18bfd52d50f14953a8e5fede71d5/cffi-2.1.0-cp313-cp313-win32.whl", hash = "sha256:db3eb7d46527159a878ec3460e9d40615bc25ba337d477db681aea6e4f05c5d2", size = 175248, upload-time = "2026-07-06T21:33:19.799Z" },
    { url = "https://files.pythonhosted.org/packages/5a/47/59eb7975cb0e4ef0afa764ea945b29a5bb4537a9f771cb7d6c8a5dd74c95/cffi-2.1.0-cp313-cp313-win_amd64.whl", hash = "sha256:8e74a6135550c4748af665b1b1118b6aab33b1fc6a16f9aff630af107c3b4512", size = 185717, upload-time = "2026-07-06T21:33:21.47Z" },
    { url = "https://files.pythonhosted.org/packages/5a/af/34fee85c48f8d94efc8597bc09470c9dd274c145f1c12e0fbc6ab6d38d74/cffi-2.1.0-cp313-cp313-win_arm64.whl", hash = "sha256:2282cd5e38aa8accd03e99d1256af8411c84cdbee6a89d841b563fdbd1f3e50f", size = 180114, upload-time = "2026-07-06T21:33:22.515Z" },
    { url = "https://files.pythonhosted.org/packages/d8/f0/81478e482afa03f6d18dc8f2afb5edc45b3080853b634b5ed91961be0998/cffi-2.1.0-cp314-cp314-ios_13_0_arm64_iphoneos.whl", hash = "sha256:d2117334c3af3bdcb9a88522b844a2bdb5efdc4f71c6c822df55486ae1c3347a", size = 194142, upload-time = "2026-07-06T21:33:23.657Z" },
    { url = "https://files.pythonhosted.org/packages/7d/95/8de304305cd9204974b0ca051b86d307cafca13aa575a0ef1b44d92c0d8c/cffi-2.1.0-cp314-cp314-ios_13_0_arm64_iphonesimulator.whl", hash = "sha256:702c436735fbe99d59ada02a1f65cfc0d31c0ee8b7290912f8fbc5cd1e4b16c3", size = 196819, upload-time = "2026-07-06T21:33:25.007Z" },
    { url = "https://files.pythonhosted.org/packages/0f/6f/ade5ce9863a57992a6ea3d0d10d7e29b8749fc127204b3d493d667b2815f/cffi-2.1.0-cp314-cp314-win32.whl", hash = "sha256:1854b724d00f6654c742097d5387569021be12d3a0f770eae1df8f8acfcc6acd", size = 177723, upload-time = "2026-07-06T21:33:51.626Z" },
    { url = "https://files.pythonhosted.org/packages/41/de/92b9eeed4ae4a21d6fd9b2a2c8505cbed573299902ea73981cc13f7ff62c/cffi-2.1.0-cp314-cp314-win_amd64.whl", hash = "sha256:1b96bfe2c4bd825681b7d311ad6d9b7280a091f43e8f63da5729638083cd3bfb", size = 187937, upload-time = "2026-07-06T21:33:53.403Z" },
    { url = "https://files.pythonhosted.org/packages/2e/1a/cc6ae6c2913a03aab8898eee57963cf1035b8df5872ed8b9115fcc7e2be8/cffi-2.1.0-cp314-cp314-win_arm64.whl", hash = "sha256:7d28dff1db6764108bc30788d85d61c876beff416d9a49cb9dd7c5a9f34f5804", size = 183001, upload-time = "2026-07-06T21:33:54.74Z" },
    { url = "https://files.pythonhosted.org/packages/dc/78/aa01ac599a8a4322533d45a1f9bc93b338276d2d59dabbe7c6d92a775c81/cffi-2.1.0-cp314-cp314t-win32.whl", hash = "sha256:7d034dcffa09e9a46c93fa3a3be402096cb5354ac6e41ab8e5cc9cd8b642ad76", size = 182857, upload-time = "2026-07-06T21:33:47.696Z" },
    { url = "https://files.pythonhosted.org/packages/b9/26/d00496b22de4d4228f32dde94ad996f350c8aad676d63bcca0743c8dea4d/cffi-2.1.0-cp314-cp314t-win_amd64.whl", hash = "sha256:0582a58f3051372229ca8e7f5f589f9e5632678208d8636fea3676711fdf7fe5", size = 194065, upload-time = "2026-07-06T21:33:48.953Z" },
    { url = "https://files.pythonhosted.org/packages/d5/dd/0c7dbf815a579ff005008a2d815a55d6bb047c349eef536d9dc53d3f0a8d/cffi-2.1.0-cp314-cp314t-win_arm64.whl", hash = "sha256:510aeeeac94811b138077451da1fb18b308a5feab47dd2b603af55804155e1c8", size = 186404, upload-time = "2026-07-06T21:33:50.309Z" },
    { url = "https://files.pythonhosted.org/packages/55/c7/8c8c50cb11c6750051daf12164098a9a6f027ac4356967fd4d800a07f242/cffi-2.1.0-cp315-cp315-ios_13_0_arm64_iphoneos.whl", hash = "sha256:2e9dabb9abcb7ad15938c7196ad5c1718a4e6d33cc79b4c0209bdb64c4a54a5c", size = 194121, upload-time = "2026-07-06T21:33:56.109Z" },
    { url = "https://files.pythonhosted.org/packages/99/e2/67680bf19a6b60d2bb7ff83baefa2a4c3d2d7dc0f3277034b802e1fc504c/cffi-2.1.0-cp315-cp315-ios_13_0_arm64_iphonesimulator.whl", hash = "sha256:37f525a7e7e50c017fdebe58b787be310ad59357ae43a053943a6e1a6c526001", size = 196820, upload-time = "2026-07-06T21:33:57.288Z" },
    { url = "https://files.pythonhosted.org/packages/2c/d8/772b8259bf75749adffb1c546828978381fb516f60cf701f6c83daf60c85/cffi-2.1.0-cp315-cp315-win32.whl", hash = "sha256:0a42c688d19fca6e095a53c6a6e2295a5b050a8b289f109adab02a9e61a25de6", size = 177696, upload-time = "2026-07-06T21:34:26.355Z" },
    { url = "https://files.pythonhosted.org/packages/2f/dd/afa2191fc6d57fedd26e5844a2fe2fcc0bbfa00961bbaa5a41e4921e7cca/cffi-2.1.0-cp315-cp315-win_amd64.whl", hash = "sha256:bccbbb5ee76a61f9d99b5bf3846a51d7fca4b6a732fe46f89295610edaf41853", size = 187914, upload-time = "2026-07-06T21:34:27.58Z" },
    { url = "https://files.pythonhosted.org/packages/05/ef/6cd4f8c671517162379dc79cfae5aea9106bc38abb89628d5c16adf6a838/cffi-2.1.0-cp315-cp315-win_arm64.whl", hash = "sha256:8d35c139744adb3e727cd51b1a18324bbe44b8bd41bf8322bca4d41289f48eda", size = 183004, upload-time = "2026-07-06T21:34:28.905Z" },
    { url = "https://files.pythonhosted.org/packages/68/5a/e536c528bc8057496c360c0978559a2dc45653f89dd6151078aa7d8fca1a/cffi-2.1.0-cp315-cp315t-win32.whl", hash = "sha256:cb96698e3c7413d906ce83f8ffd245ec1bd94707541f299d0ce4d6b0193e982b", size = 182760, upload-time = "2026-07-06T21:34:22.059Z" },
    { url = "https://files.pythonhosted.org/packages/d3/0b/0ffe8b82d3875bced5fa1e7986a7a46b748262a40ab7f60b475eb9fb1bb3/cffi-2.1.0-cp315-cp315t-win_amd64.whl", hash = "sha256:f146d154428a2523f9cc7936c02353c2459b8f6cf07d3cd1ee1c0a611109c5d5", size = 193769, upload-time = "2026-07-06T21:34:23.589Z" },
    { url = "https://files.pythonhosted.org/packages/a0/17/1073b53b68c9b5ca6914adf5f8bf55aacc2d3be102418c90700160ea8605/cffi-2.1.0-cp315-cp315t-win_arm64.whl", hash = "sha256:cbb7640ce37159548d2147b5b8c241f962143d4c71231431820783f4dc78f210", size = 186405, upload-time = "2026-07-06T21:34:24.857Z" },
]

[[package]]
name = "pycparser"
version = "3.0"
source = { registry = "https://pypi.org/simple" }
sdist = { url = "https://files.pythonhosted.org/packages/1b/7d/92392ff7815c21062bea51aa7b87d45576f649f16458d78b7cf94b9ab2e6/pycparser-3.0.tar.gz", hash = "sha256:600f49d217304a5902ac3c37e1281c9fe94e4d0489de643a9504c5cdfdfc6b29", size = 103492, upload-time = "2026-01-21T14:26:51.89Z" }
wheels = [
    { url = "https://files.pythonhosted.org/packages/0c/c3/44f3fbbfa403ea2a7c779186dc20772604442dde72947e7d01069cbe98e3/pycparser-3.0-py3-none-any.whl", hash = "sha256:b727414169a36b7d524c1c3e31839a521725078d7b2ff038656844266160a992", size = 48172, upload-time = "2026-01-21T14:26:50.693Z" },
]

[[package]]
name = "sounddevice"
version = "0.5.5"
source = { registry = "https://pypi.org/simple" }
dependencies = [
    { name = "cffi" },
]
sdist = { url = "https://files.pythonhosted.org/packages/2a/f9/2592608737553638fca98e21e54bfec40bf577bb98a61b2770c912aab25e/sounddevice-0.5.5.tar.gz", hash = "sha256:22487b65198cb5bf2208755105b524f78ad173e5ab6b445bdab1c989f6698df3", size = 143191, upload-time = "2026-01-23T18:36:43.529Z" }
wheels = [
    { url = "https://files.pythonhosted.org/packages/1e/0a/478e441fd049002cf308520c0d62dd8333e7c6cc8d997f0dda07b9fbcc46/sounddevice-0.5.5-py3-none-any.whl", hash = "sha256:30ff99f6c107f49d25ad16a45cacd8d91c25a1bcdd3e81a206b921a3a6405b1f", size = 32807, upload-time = "2026-01-23T18:36:35.649Z" },
    { url = "https://files.pythonhosted.org/packages/88/a1/d19dd9889cd4bce2e233c4fac007cd8daaf5b9fe6e6a5d432cf17be0b807/sounddevice-0.5.5-py3-none-win32.whl", hash = "sha256:1234cc9b4c9df97b6cbe748146ae0ec64dd7d6e44739e8e42eaa5b595313a103", size = 317765, upload-time = "2026-01-23T18:36:39.047Z" },
    { url = "https://files.pythonhosted.org/packages/c3/0e/002ed7c4c1c2ab69031f78989d3b789fee3a7fba9e586eb2b81688bf4961/sounddevice-0.5.5-py3-none-win_amd64.whl", hash = "sha256:cfc6b2c49fb7f555591c78cb8ecf48d6a637fd5b6e1db5fec6ed9365d64b3519", size = 365324, upload-time = "2026-01-23T18:36:40.496Z" },
    { url = "https://files.pythonhosted.org/packages/4e/39/a61d4b83a7746b70d23d9173be688c0c6bfc7173772344b7442c2c155497/sounddevice-0.5.5-py3-none-win_arm64.whl", hash = "sha256:3861901ddd8230d2e0e8ae62ac320cdd4c688d81df89da036dcb812f757bb3e6", size = 317115, upload-time = "2026-01-23T18:36:42.235Z" },
]
